<Solution>
  <Folder Name="/Solution Items/">
    <File Path="compose.yaml" />
  </Folder>
  <Folder Name="/src/">
    <Project Path="src\HiuAgent.Agent\HiuAgent.Agent.csproj" Type="Classic C#" />
    <Project Path="src\HiuAgent.Core\HiuAgent.Core.csproj" Type="Classic C#" />
    <Project Path="src\HiuAgent.Web\HiuAgent.Web.csproj" Type="Classic C#" />
  </Folder>
  <Folder Name="/Tests/">
    <Project Path="test\Core.Test\Core.Test.csproj" Type="Classic C#" />
  </Folder>
</Solution>